
Microsoft Visual Studio Solution File, Format Version 12.00
# Visual Studio Version 17
VisualStudioVersion = 17.0.31903.59
MinimumVisualStudioVersion = 10.0.40219.1
Project("{2150E333-8FDC-42A3-9474-1A3956D46DE8}") = "src", "src", "{827E0CD3-B72D-47B6-A68D-7590B98EB39B}"
EndProject
Project("{2150E333-8FDC-42A3-9474-1A3956D46DE8}") = "Backend", "Backend", "{FE360695-3F2B-1049-3887-35FBB5135923}"
EndProject
Project("{FAE04EC0-301F-11D3-BF4B-00C04F79EFBC}") = "BinanceBot.Domain", "src\Backend\Domain\BinanceBot.Domain.csproj", "{C4499F2C-D1EF-4323-868D-2C6754AE2989}"
EndProject
Project("{FAE04EC0-301F-11D3-BF4B-00C04F79EFBC}") = "BinanceBot.Application", "src\Backend\Application\BinanceBot.Application.csproj", "{5B23A188-8571-48C5-8B98-D535EBD68137}"
EndProject
Project("{FAE04EC0-301F-11D3-BF4B-00C04F79EFBC}") = "BinanceBot.Infrastructure", "src\Backend\Infrastructure\BinanceBot.Infrastructure.csproj", "{5FC033AB-068B-49F9-A77B-3D17493EC0AC}"
EndProject
Project("{FAE04EC0-301F-11D3-BF4B-00C04F79EFBC}") = "BinanceBot.Api", "src\Backend\Api\BinanceBot.Api.csproj", "{C857F05B-DF61-4B70-8417-78DE9E2F72FA}"
EndProject
Project("{FAE04EC0-301F-11D3-BF4B-00C04F79EFBC}") = "BinanceBot.Tests", "src\Backend\Tests\BinanceBot.Tests.csproj", "{FF82C35E-C4DB-4B69-B745-40F30A10BE81}"
EndProject
Project("{2150E333-8FDC-42A3-9474-1A3956D46DE8}") = "tools", "tools", "{07C2787E-EAC7-C090-1BA3-A61EC2A24D84}"
EndProject
Project("{FAE04EC0-301F-11D3-BF4B-00C04F79EFBC}") = "mcp-agent-bus", "tools\mcp-agent-bus\mcp-agent-bus.csproj", "{362587C9-0992-442E-9111-39CDA636CACD}"
EndProject
Project("{2150E333-8FDC-42A3-9474-1A3956D46DE8}") = "_root", "_root", "{A0000001-0000-0000-0000-000000000001}"
	ProjectSection(SolutionItems) = preProject
		CLAUDE.md = CLAUDE.md
		README.md = README.md
		LICENSE = LICENSE
		.gitignore = .gitignore
		BinanceBot.sln = BinanceBot.sln
	EndProjectSection
EndProject
Project("{2150E333-8FDC-42A3-9474-1A3956D46DE8}") = ".claude", ".claude", "{A0000002-0000-0000-0000-000000000001}"
	ProjectSection(SolutionItems) = preProject
		.claude\mcp.json = .claude\mcp.json
		.claude\settings.json = .claude\settings.json
	EndProjectSection
EndProject
Project("{2150E333-8FDC-42A3-9474-1A3956D46DE8}") = "agents", "agents", "{A0000003-0000-0000-0000-000000000001}"
	ProjectSection(SolutionItems) = preProject
		.claude\agents\CLAUDE.md = .claude\agents\CLAUDE.md
		.claude\agents\architect.md = .claude\agents\architect.md
		.claude\agents\backend-dev.md = .claude\agents\backend-dev.md
		.claude\agents\binance-expert.md = .claude\agents\binance-expert.md
		.claude\agents\frontend-dev.md = .claude\agents\frontend-dev.md
		.claude\agents\pm.md = .claude\agents\pm.md
		.claude\agents\reviewer.md = .claude\agents\reviewer.md
		.claude\agents\tester.md = .claude\agents\tester.md
	EndProjectSection
EndProject
Project("{2150E333-8FDC-42A3-9474-1A3956D46DE8}") = "hooks", "hooks", "{A0000004-0000-0000-0000-000000000001}"
	ProjectSection(SolutionItems) = preProject
		.claude\hooks\trace.sh = .claude\hooks\trace.sh
	EndProjectSection
EndProject
Project("{2150E333-8FDC-42A3-9474-1A3956D46DE8}") = "skills", "skills", "{A0000005-0000-0000-0000-000000000001}"
EndProject
Project("{2150E333-8FDC-42A3-9474-1A3956D46DE8}") = "pm", "pm", "{A0000006-0000-0000-0000-000000000001}"
	ProjectSection(SolutionItems) = preProject
		.claude\skills\pm-decompose\SKILL.md = .claude\skills\pm-decompose\SKILL.md
		.claude\skills\pm-handoff\SKILL.md = .claude\skills\pm-handoff\SKILL.md
		.claude\skills\pm-read-user-notes\SKILL.md = .claude\skills\pm-read-user-notes\SKILL.md
		.claude\skills\pm-status\SKILL.md = .claude\skills\pm-status\SKILL.md
	EndProjectSection
EndProject
Project("{2150E333-8FDC-42A3-9474-1A3956D46DE8}") = "architect", "architect", "{A0000007-0000-0000-0000-000000000001}"
	ProjectSection(SolutionItems) = preProject
		.claude\skills\architect-adr\SKILL.md = .claude\skills\architect-adr\SKILL.md
		.claude\skills\architect-cqrs-design\SKILL.md = .claude\skills\architect-cqrs-design\SKILL.md
		.claude\skills\architect-ddd-review\SKILL.md = .claude\skills\architect-ddd-review\SKILL.md
	EndProjectSection
EndProject
Project("{2150E333-8FDC-42A3-9474-1A3956D46DE8}") = "backend", "backend", "{A0000008-0000-0000-0000-000000000001}"
	ProjectSection(SolutionItems) = preProject
		.claude\skills\backend-cqrs-trio\SKILL.md = .claude\skills\backend-cqrs-trio\SKILL.md
		.claude\skills\backend-ef-migration\SKILL.md = .claude\skills\backend-ef-migration\SKILL.md
		.claude\skills\backend-endpoint\SKILL.md = .claude\skills\backend-endpoint\SKILL.md
		.claude\skills\backend-polly-resiliency\SKILL.md = .claude\skills\backend-polly-resiliency\SKILL.md
		.claude\skills\backend-result-type\SKILL.md = .claude\skills\backend-result-type\SKILL.md
	EndProjectSection
EndProject
Project("{2150E333-8FDC-42A3-9474-1A3956D46DE8}") = "frontend", "frontend", "{A0000009-0000-0000-0000-000000000001}"
	ProjectSection(SolutionItems) = preProject
		.claude\skills\frontend-api-client\SKILL.md = .claude\skills\frontend-api-client\SKILL.md
		.claude\skills\frontend-importmap\SKILL.md = .claude\skills\frontend-importmap\SKILL.md
		.claude\skills\frontend-reactive-state\SKILL.md = .claude\skills\frontend-reactive-state\SKILL.md
		.claude\skills\frontend-vue-page\SKILL.md = .claude\skills\frontend-vue-page\SKILL.md
	EndProjectSection
EndProject
Project("{2150E333-8FDC-42A3-9474-1A3956D46DE8}") = "binance", "binance", "{A000000A-0000-0000-0000-000000000001}"
	ProjectSection(SolutionItems) = preProject
		.claude\skills\binance-order-type-guide\SKILL.md = .claude\skills\binance-order-type-guide\SKILL.md
		.claude\skills\binance-rate-limit-analysis\SKILL.md = .claude\skills\binance-rate-limit-analysis\SKILL.md
		.claude\skills\binance-research\SKILL.md = .claude\skills\binance-research\SKILL.md
		.claude\skills\binance-trading-strategy-review\SKILL.md = .claude\skills\binance-trading-strategy-review\SKILL.md
		.claude\skills\binance-ws-stream-design\SKILL.md = .claude\skills\binance-ws-stream-design\SKILL.md
	EndProjectSection
EndProject
Project("{2150E333-8FDC-42A3-9474-1A3956D46DE8}") = "reviewer", "reviewer", "{A000000B-0000-0000-0000-000000000001}"
	ProjectSection(SolutionItems) = preProject
		.claude\skills\reviewer-diff-review\SKILL.md = .claude\skills\reviewer-diff-review\SKILL.md
		.claude\skills\reviewer-security-scan\SKILL.md = .claude\skills\reviewer-security-scan\SKILL.md
		.claude\skills\reviewer-solid-check\SKILL.md = .claude\skills\reviewer-solid-check\SKILL.md
		.claude\skills\reviewer-ws-resiliency\SKILL.md = .claude\skills\reviewer-ws-resiliency\SKILL.md
	EndProjectSection
EndProject
Project("{2150E333-8FDC-42A3-9474-1A3956D46DE8}") = "tester", "tester", "{A000000C-0000-0000-0000-000000000001}"
	ProjectSection(SolutionItems) = preProject
		.claude\skills\tester-api-contract\SKILL.md = .claude\skills\tester-api-contract\SKILL.md
		.claude\skills\tester-db-sanity\SKILL.md = .claude\skills\tester-db-sanity\SKILL.md
		.claude\skills\tester-error-scan\SKILL.md = .claude\skills\tester-error-scan\SKILL.md
		.claude\skills\tester-playwright-scenario\SKILL.md = .claude\skills\tester-playwright-scenario\SKILL.md
	EndProjectSection
EndProject
Project("{2150E333-8FDC-42A3-9474-1A3956D46DE8}") = "global", "global", "{A000000D-0000-0000-0000-000000000001}"
	ProjectSection(SolutionItems) = preProject
		.claude\skills\tell-pm\SKILL.md = .claude\skills\tell-pm\SKILL.md
	EndProjectSection
EndProject
Project("{2150E333-8FDC-42A3-9474-1A3956D46DE8}") = "docs", "docs", "{A000000E-0000-0000-0000-000000000001}"
	ProjectSection(SolutionItems) = preProject
		docs\CLAUDE.md = docs\CLAUDE.md
		docs\glossary.md = docs\glossary.md
		docs\workspace-guide.md = docs\workspace-guide.md
	EndProjectSection
EndProject
Project("{2150E333-8FDC-42A3-9474-1A3956D46DE8}") = "sources", "sources", "{A000000F-0000-0000-0000-000000000001}"
	ProjectSection(SolutionItems) = preProject
		docs\sources\REFERENCES.md = docs\sources\REFERENCES.md
	EndProjectSection
EndProject
Project("{2150E333-8FDC-42A3-9474-1A3956D46DE8}") = ".ai-trace", ".ai-trace", "{A0000010-0000-0000-0000-000000000001}"
	ProjectSection(SolutionItems) = preProject
		.ai-trace\.gitignore = .ai-trace\.gitignore
		.ai-trace\README.md = .ai-trace\README.md
		.ai-trace\decisions.jsonl = .ai-trace\decisions.jsonl
		.ai-trace\handoffs.jsonl = .ai-trace\handoffs.jsonl
		.ai-trace\task-state.json = .ai-trace\task-state.json
		.ai-trace\user-notes.jsonl = .ai-trace\user-notes.jsonl
	EndProjectSection
EndProject
Project("{2150E333-8FDC-42A3-9474-1A3956D46DE8}") = ".github", ".github", "{A0000011-0000-0000-0000-000000000001}"
EndProject
Global
	GlobalSection(SolutionConfigurationPlatforms) = preSolution
		Debug|Any CPU = Debug|Any CPU
		Debug|x64 = Debug|x64
		Debug|x86 = Debug|x86
		Release|Any CPU = Release|Any CPU
		Release|x64 = Release|x64
		Release|x86 = Release|x86
	EndGlobalSection
	GlobalSection(ProjectConfigurationPlatforms) = postSolution
		{C4499F2C-D1EF-4323-868D-2C6754AE2989}.Debug|Any CPU.ActiveCfg = Debug|Any CPU
		{C4499F2C-D1EF-4323-868D-2C6754AE2989}.Debug|Any CPU.Build.0 = Debug|Any CPU
		{C4499F2C-D1EF-4323-868D-2C6754AE2989}.Debug|x64.ActiveCfg = Debug|Any CPU
		{C4499F2C-D1EF-4323-868D-2C6754AE2989}.Debug|x64.Build.0 = Debug|Any CPU
		{C4499F2C-D1EF-4323-868D-2C6754AE2989}.Debug|x86.ActiveCfg = Debug|Any CPU
		{C4499F2C-D1EF-4323-868D-2C6754AE2989}.Debug|x86.Build.0 = Debug|Any CPU
		{C4499F2C-D1EF-4323-868D-2C6754AE2989}.Release|Any CPU.ActiveCfg = Release|Any CPU
		{C4499F2C-D1EF-4323-868D-2C6754AE2989}.Release|Any CPU.Build.0 = Release|Any CPU
		{C4499F2C-D1EF-4323-868D-2C6754AE2989}.Release|x64.ActiveCfg = Release|Any CPU
		{C4499F2C-D1EF-4323-868D-2C6754AE2989}.Release|x64.Build.0 = Release|Any CPU
		{C4499F2C-D1EF-4323-868D-2C6754AE2989}.Release|x86.ActiveCfg = Release|Any CPU
		{C4499F2C-D1EF-4323-868D-2C6754AE2989}.Release|x86.Build.0 = Release|Any CPU
		{5B23A188-8571-48C5-8B98-D535EBD68137}.Debug|Any CPU.ActiveCfg = Debug|Any CPU
		{5B23A188-8571-48C5-8B98-D535EBD68137}.Debug|Any CPU.Build.0 = Debug|Any CPU
		{5B23A188-8571-48C5-8B98-D535EBD68137}.Debug|x64.ActiveCfg = Debug|Any CPU
		{5B23A188-8571-48C5-8B98-D535EBD68137}.Debug|x64.Build.0 = Debug|Any CPU
		{5B23A188-8571-48C5-8B98-D535EBD68137}.Debug|x86.ActiveCfg = Debug|Any CPU
		{5B23A188-8571-48C5-8B98-D535EBD68137}.Debug|x86.Build.0 = Debug|Any CPU
		{5B23A188-8571-48C5-8B98-D535EBD68137}.Release|Any CPU.ActiveCfg = Release|Any CPU
		{5B23A188-8571-48C5-8B98-D535EBD68137}.Release|Any CPU.Build.0 = Release|Any CPU
		{5B23A188-8571-48C5-8B98-D535EBD68137}.Release|x64.ActiveCfg = Release|Any CPU
		{5B23A188-8571-48C5-8B98-D535EBD68137}.Release|x64.Build.0 = Release|Any CPU
		{5B23A188-8571-48C5-8B98-D535EBD68137}.Release|x86.ActiveCfg = Release|Any CPU
		{5B23A188-8571-48C5-8B98-D535EBD68137}.Release|x86.Build.0 = Release|Any CPU
		{5FC033AB-068B-49F9-A77B-3D17493EC0AC}.Debug|Any CPU.ActiveCfg = Debug|Any CPU
		{5FC033AB-068B-49F9-A77B-3D17493EC0AC}.Debug|Any CPU.Build.0 = Debug|Any CPU
		{5FC033AB-068B-49F9-A77B-3D17493EC0AC}.Debug|x64.ActiveCfg = Debug|Any CPU
		{5FC033AB-068B-49F9-A77B-3D17493EC0AC}.Debug|x64.Build.0 = Debug|Any CPU
		{5FC033AB-068B-49F9-A77B-3D17493EC0AC}.Debug|x86.ActiveCfg = Debug|Any CPU
		{5FC033AB-068B-49F9-A77B-3D17493EC0AC}.Debug|x86.Build.0 = Debug|Any CPU
		{5FC033AB-068B-49F9-A77B-3D17493EC0AC}.Release|Any CPU.ActiveCfg = Release|Any CPU
		{5FC033AB-068B-49F9-A77B-3D17493EC0AC}.Release|Any CPU.Build.0 = Release|Any CPU
		{5FC033AB-068B-49F9-A77B-3D17493EC0AC}.Release|x64.ActiveCfg = Release|Any CPU
		{5FC033AB-068B-49F9-A77B-3D17493EC0AC}.Release|x64.Build.0 = Release|Any CPU
		{5FC033AB-068B-49F9-A77B-3D17493EC0AC}.Release|x86.ActiveCfg = Release|Any CPU
		{5FC033AB-068B-49F9-A77B-3D17493EC0AC}.Release|x86.Build.0 = Release|Any CPU
		{C857F05B-DF61-4B70-8417-78DE9E2F72FA}.Debug|Any CPU.ActiveCfg = Debug|Any CPU
		{C857F05B-DF61-4B70-8417-78DE9E2F72FA}.Debug|Any CPU.Build.0 = Debug|Any CPU
		{C857F05B-DF61-4B70-8417-78DE9E2F72FA}.Debug|x64.ActiveCfg = Debug|Any CPU
		{C857F05B-DF61-4B70-8417-78DE9E2F72FA}.Debug|x64.Build.0 = Debug|Any CPU
		{C857F05B-DF61-4B70-8417-78DE9E2F72FA}.Debug|x86.ActiveCfg = Debug|Any CPU
		{C857F05B-DF61-4B70-8417-78DE9E2F72FA}.Debug|x86.Build.0 = Debug|Any CPU
		{C857F05B-DF61-4B70-8417-78DE9E2F72FA}.Release|Any CPU.ActiveCfg = Release|Any CPU
		{C857F05B-DF61-4B70-8417-78DE9E2F72FA}.Release|Any CPU.Build.0 = Release|Any CPU
		{C857F05B-DF61-4B70-8417-78DE9E2F72FA}.Release|x64.ActiveCfg = Release|Any CPU
		{C857F05B-DF61-4B70-8417-78DE9E2F72FA}.Release|x64.Build.0 = Release|Any CPU
		{C857F05B-DF61-4B70-8417-78DE9E2F72FA}.Release|x86.ActiveCfg = Release|Any CPU
		{C857F05B-DF61-4B70-8417-78DE9E2F72FA}.Release|x86.Build.0 = Release|Any CPU
		{FF82C35E-C4DB-4B69-B745-40F30A10BE81}.Debug|Any CPU.ActiveCfg = Debug|Any CPU
		{FF82C35E-C4DB-4B69-B745-40F30A10BE81}.Debug|Any CPU.Build.0 = Debug|Any CPU
		{FF82C35E-C4DB-4B69-B745-40F30A10BE81}.Debug|x64.ActiveCfg = Debug|Any CPU
		{FF82C35E-C4DB-4B69-B745-40F30A10BE81}.Debug|x64.Build.0 = Debug|Any CPU
		{FF82C35E-C4DB-4B69-B745-40F30A10BE81}.Debug|x86.ActiveCfg = Debug|Any CPU
		{FF82C35E-C4DB-4B69-B745-40F30A10BE81}.Debug|x86.Build.0 = Debug|Any CPU
		{FF82C35E-C4DB-4B69-B745-40F30A10BE81}.Release|Any CPU.ActiveCfg = Release|Any CPU
		{FF82C35E-C4DB-4B69-B745-40F30A10BE81}.Release|Any CPU.Build.0 = Release|Any CPU
		{FF82C35E-C4DB-4B69-B745-40F30A10BE81}.Release|x64.ActiveCfg = Release|Any CPU
		{FF82C35E-C4DB-4B69-B745-40F30A10BE81}.Release|x64.Build.0 = Release|Any CPU
		{FF82C35E-C4DB-4B69-B745-40F30A10BE81}.Release|x86.ActiveCfg = Release|Any CPU
		{FF82C35E-C4DB-4B69-B745-40F30A10BE81}.Release|x86.Build.0 = Release|Any CPU
		{362587C9-0992-442E-9111-39CDA636CACD}.Debug|Any CPU.ActiveCfg = Debug|Any CPU
		{362587C9-0992-442E-9111-39CDA636CACD}.Debug|Any CPU.Build.0 = Debug|Any CPU
		{362587C9-0992-442E-9111-39CDA636CACD}.Debug|x64.ActiveCfg = Debug|Any CPU
		{362587C9-0992-442E-9111-39CDA636CACD}.Debug|x64.Build.0 = Debug|Any CPU
		{362587C9-0992-442E-9111-39CDA636CACD}.Debug|x86.ActiveCfg = Debug|Any CPU
		{362587C9-0992-442E-9111-39CDA636CACD}.Debug|x86.Build.0 = Debug|Any CPU
		{362587C9-0992-442E-9111-39CDA636CACD}.Release|Any CPU.ActiveCfg = Release|Any CPU
		{362587C9-0992-442E-9111-39CDA636CACD}.Release|Any CPU.Build.0 = Release|Any CPU
		{362587C9-0992-442E-9111-39CDA636CACD}.Release|x64.ActiveCfg = Release|Any CPU
		{362587C9-0992-442E-9111-39CDA636CACD}.Release|x64.Build.0 = Release|Any CPU
		{362587C9-0992-442E-9111-39CDA636CACD}.Release|x86.ActiveCfg = Release|Any CPU
		{362587C9-0992-442E-9111-39CDA636CACD}.Release|x86.Build.0 = Release|Any CPU
	EndGlobalSection
	GlobalSection(SolutionProperties) = preSolution
		HideSolutionNode = FALSE
	EndGlobalSection
	GlobalSection(NestedProjects) = preSolution
		{FE360695-3F2B-1049-3887-35FBB5135923} = {827E0CD3-B72D-47B6-A68D-7590B98EB39B}
		{C4499F2C-D1EF-4323-868D-2C6754AE2989} = {FE360695-3F2B-1049-3887-35FBB5135923}
		{5B23A188-8571-48C5-8B98-D535EBD68137} = {FE360695-3F2B-1049-3887-35FBB5135923}
		{5FC033AB-068B-49F9-A77B-3D17493EC0AC} = {FE360695-3F2B-1049-3887-35FBB5135923}
		{C857F05B-DF61-4B70-8417-78DE9E2F72FA} = {FE360695-3F2B-1049-3887-35FBB5135923}
		{FF82C35E-C4DB-4B69-B745-40F30A10BE81} = {FE360695-3F2B-1049-3887-35FBB5135923}
		{362587C9-0992-442E-9111-39CDA636CACD} = {07C2787E-EAC7-C090-1BA3-A61EC2A24D84}
		{A0000003-0000-0000-0000-000000000001} = {A0000002-0000-0000-0000-000000000001}
		{A0000004-0000-0000-0000-000000000001} = {A0000002-0000-0000-0000-000000000001}
		{A0000005-0000-0000-0000-000000000001} = {A0000002-0000-0000-0000-000000000001}
		{A0000006-0000-0000-0000-000000000001} = {A0000005-0000-0000-0000-000000000001}
		{A0000007-0000-0000-0000-000000000001} = {A0000005-0000-0000-0000-000000000001}
		{A0000008-0000-0000-0000-000000000001} = {A0000005-0000-0000-0000-000000000001}
		{A0000009-0000-0000-0000-000000000001} = {A0000005-0000-0000-0000-000000000001}
		{A000000A-0000-0000-0000-000000000001} = {A0000005-0000-0000-0000-000000000001}
		{A000000B-0000-0000-0000-000000000001} = {A0000005-0000-0000-0000-000000000001}
		{A000000C-0000-0000-0000-000000000001} = {A0000005-0000-0000-0000-000000000001}
		{A000000D-0000-0000-0000-000000000001} = {A0000005-0000-0000-0000-000000000001}
		{A000000F-0000-0000-0000-000000000001} = {A000000E-0000-0000-0000-000000000001}
	EndGlobalSection
EndGlobal
